
Microsoft Visual Studio Solution File, Format Version 12.00
# Visual Studio Version 17
VisualStudioVersion = 17.12.35521.163
MinimumVisualStudioVersion = 10.0.40219.1
Project("{FAE04EC0-301F-11D3-BF4B-00C04F79EFBC}") = "DesignPatterns", "DesignPatterns\DesignPatterns.csproj", "{2728C5CC-A929-42D9-9C0B-B31BDA26E9F8}"
EndProject
Project("{FAE04EC0-301F-11D3-BF4B-00C04F79EFBC}") = "LabDesignPatterns", "LabDesignPatterns\LabDesignPatterns.csproj", "{6D886253-511E-4817-87FA-D72D905B4471}"
EndProject
Project("{2150E333-8FDC-42A3-9474-1A3956D46DE8}") = "RentABrain", "RentABrain", "{A543DF50-DF4A-4182-8C14-0852C5E36526}"
EndProject
Project("{FAE04EC0-301F-11D3-BF4B-00C04F79EFBC}") = "ppedv.RentABrain.Model", "ppedv.RentABrain.Model\ppedv.RentABrain.Model.csproj", "{9178C5F9-93B9-4390-9EB8-53D5EEB3F7E0}"
EndProject
Project("{FAE04EC0-301F-11D3-BF4B-00C04F79EFBC}") = "ppedv.RentABrain.DataAccess", "ppedv.RentABrain.DataAccess\ppedv.RentABrain.DataAccess.csproj", "{8FD96C12-DF75-4661-9265-61EE526FFC4E}"
EndProject
Project("{FAE04EC0-301F-11D3-BF4B-00C04F79EFBC}") = "ppedv.RentABrain.DataAccess.Tests", "ppedv.RentABrain.DataAccess.Tests\ppedv.RentABrain.DataAccess.Tests.csproj", "{6A376034-D2FF-42F8-BFB4-66D26D53858A}"
EndProject
Project("{FAE04EC0-301F-11D3-BF4B-00C04F79EFBC}") = "ppedv.RentABrain.Logic", "ppedv.RentABrain.Logic\ppedv.RentABrain.Logic.csproj", "{D185A477-671A-4C9F-AE59-CE8922A77501}"
EndProject
Project("{FAE04EC0-301F-11D3-BF4B-00C04F79EFBC}") = "ppedv.RentABrain.Logic.Tests", "ppedv.RentABrain.Logic.Tests\ppedv.RentABrain.Logic.Tests.csproj", "{7F2199CE-8781-44E2-B6CA-EBEBEDEB159B}"
EndProject
Project("{FAE04EC0-301F-11D3-BF4B-00C04F79EFBC}") = "ppedv.RentABrain.UI.WebMvc", "ppedv.RentABrain.UI.WebMvc\ppedv.RentABrain.UI.WebMvc.csproj", "{BE784A19-59EC-4FE4-BB89-50C18F7BB9F8}"
EndProject
Global
	GlobalSection(SolutionConfigurationPlatforms) = preSolution
		Debug|Any CPU = Debug|Any CPU
		Release|Any CPU = Release|Any CPU
	EndGlobalSection
	GlobalSection(ProjectConfigurationPlatforms) = postSolution
		{2728C5CC-A929-42D9-9C0B-B31BDA26E9F8}.Debug|Any CPU.ActiveCfg = Debug|Any CPU
		{2728C5CC-A929-42D9-9C0B-B31BDA26E9F8}.Debug|Any CPU.Build.0 = Debug|Any CPU
		{2728C5CC-A929-42D9-9C0B-B31BDA26E9F8}.Release|Any CPU.ActiveCfg = Release|Any CPU
		{2728C5CC-A929-42D9-9C0B-B31BDA26E9F8}.Release|Any CPU.Build.0 = Release|Any CPU
		{6D886253-511E-4817-87FA-D72D905B4471}.Debug|Any CPU.ActiveCfg = Debug|Any CPU
		{6D886253-511E-4817-87FA-D72D905B4471}.Debug|Any CPU.Build.0 = Debug|Any CPU
		{6D886253-511E-4817-87FA-D72D905B4471}.Release|Any CPU.ActiveCfg = Release|Any CPU
		{6D886253-511E-4817-87FA-D72D905B4471}.Release|Any CPU.Build.0 = Release|Any CPU
		{9178C5F9-93B9-4390-9EB8-53D5EEB3F7E0}.Debug|Any CPU.ActiveCfg = Debug|Any CPU
		{9178C5F9-93B9-4390-9EB8-53D5EEB3F7E0}.Debug|Any CPU.Build.0 = Debug|Any CPU
		{9178C5F9-93B9-4390-9EB8-53D5EEB3F7E0}.Release|Any CPU.ActiveCfg = Release|Any CPU
		{9178C5F9-93B9-4390-9EB8-53D5EEB3F7E0}.Release|Any CPU.Build.0 = Release|Any CPU
		{8FD96C12-DF75-4661-9265-61EE526FFC4E}.Debug|Any CPU.ActiveCfg = Debug|Any CPU
		{8FD96C12-DF75-4661-9265-61EE526FFC4E}.Debug|Any CPU.Build.0 = Debug|Any CPU
		{8FD96C12-DF75-4661-9265-61EE526FFC4E}.Release|Any CPU.ActiveCfg = Release|Any CPU
		{8FD96C12-DF75-4661-9265-61EE526FFC4E}.Release|Any CPU.Build.0 = Release|Any CPU
		{6A376034-D2FF-42F8-BFB4-66D26D53858A}.Debug|Any CPU.ActiveCfg = Debug|Any CPU
		{6A376034-D2FF-42F8-BFB4-66D26D53858A}.Debug|Any CPU.Build.0 = Debug|Any CPU
		{6A376034-D2FF-42F8-BFB4-66D26D53858A}.Release|Any CPU.ActiveCfg = Release|Any CPU
		{6A376034-D2FF-42F8-BFB4-66D26D53858A}.Release|Any CPU.Build.0 = Release|Any CPU
		{D185A477-671A-4C9F-AE59-CE8922A77501}.Debug|Any CPU.ActiveCfg = Debug|Any CPU
		{D185A477-671A-4C9F-AE59-CE8922A77501}.Debug|Any CPU.Build.0 = Debug|Any CPU
		{D185A477-671A-4C9F-AE59-CE8922A77501}.Release|Any CPU.ActiveCfg = Release|Any CPU
		{D185A477-671A-4C9F-AE59-CE8922A77501}.Release|Any CPU.Build.0 = Release|Any CPU
		{7F2199CE-8781-44E2-B6CA-EBEBEDEB159B}.Debug|Any CPU.ActiveCfg = Debug|Any CPU
		{7F2199CE-8781-44E2-B6CA-EBEBEDEB159B}.Debug|Any CPU.Build.0 = Debug|Any CPU
		{7F2199CE-8781-44E2-B6CA-EBEBEDEB159B}.Release|Any CPU.ActiveCfg = Release|Any CPU
		{7F2199CE-8781-44E2-B6CA-EBEBEDEB159B}.Release|Any CPU.Build.0 = Release|Any CPU
		{BE784A19-59EC-4FE4-BB89-50C18F7BB9F8}.Debug|Any CPU.ActiveCfg = Debug|Any CPU
		{BE784A19-59EC-4FE4-BB89-50C18F7BB9F8}.Debug|Any CPU.Build.0 = Debug|Any CPU
		{BE784A19-59EC-4FE4-BB89-50C18F7BB9F8}.Release|Any CPU.ActiveCfg = Release|Any CPU
		{BE784A19-59EC-4FE4-BB89-50C18F7BB9F8}.Release|Any CPU.Build.0 = Release|Any CPU
	EndGlobalSection
	GlobalSection(SolutionProperties) = preSolution
		HideSolutionNode = FALSE
	EndGlobalSection
	GlobalSection(NestedProjects) = preSolution
		{9178C5F9-93B9-4390-9EB8-53D5EEB3F7E0} = {A543DF50-DF4A-4182-8C14-0852C5E36526}
		{8FD96C12-DF75-4661-9265-61EE526FFC4E} = {A543DF50-DF4A-4182-8C14-0852C5E36526}
		{6A376034-D2FF-42F8-BFB4-66D26D53858A} = {A543DF50-DF4A-4182-8C14-0852C5E36526}
		{D185A477-671A-4C9F-AE59-CE8922A77501} = {A543DF50-DF4A-4182-8C14-0852C5E36526}
		{7F2199CE-8781-44E2-B6CA-EBEBEDEB159B} = {A543DF50-DF4A-4182-8C14-0852C5E36526}
		{BE784A19-59EC-4FE4-BB89-50C18F7BB9F8} = {A543DF50-DF4A-4182-8C14-0852C5E36526}
	EndGlobalSection
EndGlobal
